
Microsoft Visual Studio Solution File, Format Version 12.00
# Visual Studio 15
VisualStudioVersion = 15.0.27703.2026
MinimumVisualStudioVersion = 10.0.40219.1
Project("{FAE04EC0-301F-11D3-BF4B-00C04F79EFBC}") = "AsposeBootcampApplication", "AsposeBootcampApplication\AsposeBootcampApplication.csproj", "{28A0726E-8C43-48BD-9058-4CE16D4C8889}"
EndProject
Project("{FAE04EC0-301F-11D3-BF4B-00C04F79EFBC}") = "AsposeBootcampApplication.Tests", "AsposeBootcampApplication.Tests\AsposeBootcampApplication.Tests.csproj", "{936BF8C3-5E57-4DD3-A318-0A3FEBDD1056}"
EndProject
Global
	GlobalSection(SolutionConfigurationPlatforms) = preSolution
		Debug|Any CPU = Debug|Any CPU
		Release|Any CPU = Release|Any CPU
	EndGlobalSection
	GlobalSection(ProjectConfigurationPlatforms) = postSolution
		{28A0726E-8C43-48BD-9058-4CE16D4C8889}.Debug|Any CPU.ActiveCfg = Debug|Any CPU
		{28A0726E-8C43-48BD-9058-4CE16D4C8889}.Debug|Any CPU.Build.0 = Debug|Any CPU
		{28A0726E-8C43-48BD-9058-4CE16D4C8889}.Release|Any CPU.ActiveCfg = Release|Any CPU
		{28A0726E-8C43-48BD-9058-4CE16D4C8889}.Release|Any CPU.Build.0 = Release|Any CPU
		{936BF8C3-5E57-4DD3-A318-0A3FEBDD1056}.Debug|Any CPU.ActiveCfg = Debug|Any CPU
		{936BF8C3-5E57-4DD3-A318-0A3FEBDD1056}.Debug|Any CPU.Build.0 = Debug|Any CPU
		{936BF8C3-5E57-4DD3-A318-0A3FEBDD1056}.Release|Any CPU.ActiveCfg = Release|Any CPU
		{936BF8C3-5E57-4DD3-A318-0A3FEBDD1056}.Release|Any CPU.Build.0 = Release|Any CPU
	EndGlobalSection
	GlobalSection(SolutionProperties) = preSolution
		HideSolutionNode = FALSE
	EndGlobalSection
	GlobalSection(ExtensibilityGlobals) = postSolution
		SolutionGuid = {EBAE457C-2B5D-4702-BD62-F53B549265B9}
	EndGlobalSection
EndGlobal
